
Microsoft Visual Studio Solution File, Format Version 12.00
# Visual Studio Version 17
VisualStudioVersion = 17.0.32014.148
MinimumVisualStudioVersion = 10.0.40219.1
Project("{9A19103F-16F7-4668-BE54-9A1E7A4F7556}") = "HomeFinance.Domain", "HomeFinance.Domain\HomeFinance.Domain.csproj", "{5C9584C9-7D31-477A-9C28-0E2BD26F0972}"
EndProject
Project("{9A19103F-16F7-4668-BE54-9A1E7A4F7556}") = "HomeFinanceApi", "HomeFinanceApi\HomeFinanceApi.csproj", "{D5711717-2A75-4F63-AD42-7C487863E31C}"
EndProject
Project("{9A19103F-16F7-4668-BE54-9A1E7A4F7556}") = "HomeFinance.DataAccess.Sqlite", "HomeFinance.DataAccess.Sqlite\HomeFinance.DataAccess.Sqlite.csproj", "{87268968-31A8-483D-8F5A-6AF5BF1A312C}"
EndProject
Project("{9A19103F-16F7-4668-BE54-9A1E7A4F7556}") = "HomeFinance.DataAccess.EFBasic", "HomeFinance.DataAccess.EFBasic\HomeFinance.DataAccess.EFBasic.csproj", "{B5EE8294-8963-41FA-A67B-DBED7B88793A}"
EndProject
Project("{9A19103F-16F7-4668-BE54-9A1E7A4F7556}") = "HomeFinance.DataAccess.MsSql", "HomeFinance.DataAccess.MsSql\HomeFinance.DataAccess.MsSql.csproj", "{0E6E528C-8AFE-4794-A931-40D6B8A4DB75}"
EndProject
Project("{9A19103F-16F7-4668-BE54-9A1E7A4F7556}") = "HomeFinance.DataAccess.Core", "HomeFinance.DataAccess.Core\HomeFinance.DataAccess.Core.csproj", "{7B6F437E-FCF1-4505-9985-7E9E4B168FEC}"
EndProject
Global
	GlobalSection(SolutionConfigurationPlatforms) = preSolution
		Debug|Any CPU = Debug|Any CPU
		Release|Any CPU = Release|Any CPU
	EndGlobalSection
	GlobalSection(ProjectConfigurationPlatforms) = postSolution
		{5C9584C9-7D31-477A-9C28-0E2BD26F0972}.Debug|Any CPU.ActiveCfg = Debug|Any CPU
		{5C9584C9-7D31-477A-9C28-0E2BD26F0972}.Debug|Any CPU.Build.0 = Debug|Any CPU
		{5C9584C9-7D31-477A-9C28-0E2BD26F0972}.Release|Any CPU.ActiveCfg = Release|Any CPU
		{5C9584C9-7D31-477A-9C28-0E2BD26F0972}.Release|Any CPU.Build.0 = Release|Any CPU
		{D5711717-2A75-4F63-AD42-7C487863E31C}.Debug|Any CPU.ActiveCfg = Debug|Any CPU
		{D5711717-2A75-4F63-AD42-7C487863E31C}.Debug|Any CPU.Build.0 = Debug|Any CPU
		{D5711717-2A75-4F63-AD42-7C487863E31C}.Release|Any CPU.ActiveCfg = Release|Any CPU
		{D5711717-2A75-4F63-AD42-7C487863E31C}.Release|Any CPU.Build.0 = Release|Any CPU
		{87268968-31A8-483D-8F5A-6AF5BF1A312C}.Debug|Any CPU.ActiveCfg = Debug|Any CPU
		{87268968-31A8-483D-8F5A-6AF5BF1A312C}.Debug|Any CPU.Build.0 = Debug|Any CPU
		{87268968-31A8-483D-8F5A-6AF5BF1A312C}.Release|Any CPU.ActiveCfg = Release|Any CPU
		{87268968-31A8-483D-8F5A-6AF5BF1A312C}.Release|Any CPU.Build.0 = Release|Any CPU
		{B5EE8294-8963-41FA-A67B-DBED7B88793A}.Debug|Any CPU.ActiveCfg = Debug|Any CPU
		{B5EE8294-8963-41FA-A67B-DBED7B88793A}.Debug|Any CPU.Build.0 = Debug|Any CPU
		{B5EE8294-8963-41FA-A67B-DBED7B88793A}.Release|Any CPU.ActiveCfg = Release|Any CPU
		{B5EE8294-8963-41FA-A67B-DBED7B88793A}.Release|Any CPU.Build.0 = Release|Any CPU
		{0E6E528C-8AFE-4794-A931-40D6B8A4DB75}.Debug|Any CPU.ActiveCfg = Debug|Any CPU
		{0E6E528C-8AFE-4794-A931-40D6B8A4DB75}.Debug|Any CPU.Build.0 = Debug|Any CPU
		{0E6E528C-8AFE-4794-A931-40D6B8A4DB75}.Release|Any CPU.ActiveCfg = Release|Any CPU
		{0E6E528C-8AFE-4794-A931-40D6B8A4DB75}.Release|Any CPU.Build.0 = Release|Any CPU
		{7B6F437E-FCF1-4505-9985-7E9E4B168FEC}.Debug|Any CPU.ActiveCfg = Debug|Any CPU
		{7B6F437E-FCF1-4505-9985-7E9E4B168FEC}.Debug|Any CPU.Build.0 = Debug|Any CPU
		{7B6F437E-FCF1-4505-9985-7E9E4B168FEC}.Release|Any CPU.ActiveCfg = Release|Any CPU
		{7B6F437E-FCF1-4505-9985-7E9E4B168FEC}.Release|Any CPU.Build.0 = Release|Any CPU
	EndGlobalSection
	GlobalSection(SolutionProperties) = preSolution
		HideSolutionNode = FALSE
	EndGlobalSection
	GlobalSection(ExtensibilityGlobals) = postSolution
		SolutionGuid = {14616206-799C-459B-8308-2DBCF292BF62}
	EndGlobalSection
EndGlobal
