
Microsoft Visual Studio Solution File, Format Version 12.00
# Visual Studio Version 17
VisualStudioVersion = 17.0.32014.148
MinimumVisualStudioVersion = 10.0.40219.1
Project("{9A19103F-16F7-4668-BE54-9A1E7A4F7556}") = "HomeFinance", "HomeFinance\HomeFinance.csproj", "{DFFCCE70-A121-47D5-9BBB-11F31198DE7A}"
EndProject
Project("{FAE04EC0-301F-11D3-BF4B-00C04F79EFBC}") = "HomeFinance.Domain", "HomeFinance.Domain\HomeFinance.Domain.csproj", "{5C9584C9-7D31-477A-9C28-0E2BD26F0972}"
EndProject
Project("{FAE04EC0-301F-11D3-BF4B-00C04F79EFBC}") = "HomeFinance.DataAccess", "HomeFinance.DataAccess\HomeFinance.DataAccess.csproj", "{82A52A67-AF65-4C9B-91E7-3379B6F6411E}"
EndProject
Global
	GlobalSection(SolutionConfigurationPlatforms) = preSolution
		Debug|Any CPU = Debug|Any CPU
		Release|Any CPU = Release|Any CPU
	EndGlobalSection
	GlobalSection(ProjectConfigurationPlatforms) = postSolution
		{DFFCCE70-A121-47D5-9BBB-11F31198DE7A}.Debug|Any CPU.ActiveCfg = Debug|Any CPU
		{DFFCCE70-A121-47D5-9BBB-11F31198DE7A}.Debug|Any CPU.Build.0 = Debug|Any CPU
		{DFFCCE70-A121-47D5-9BBB-11F31198DE7A}.Release|Any CPU.ActiveCfg = Release|Any CPU
		{DFFCCE70-A121-47D5-9BBB-11F31198DE7A}.Release|Any CPU.Build.0 = Release|Any CPU
		{5C9584C9-7D31-477A-9C28-0E2BD26F0972}.Debug|Any CPU.ActiveCfg = Debug|Any CPU
		{5C9584C9-7D31-477A-9C28-0E2BD26F0972}.Debug|Any CPU.Build.0 = Debug|Any CPU
		{5C9584C9-7D31-477A-9C28-0E2BD26F0972}.Release|Any CPU.ActiveCfg = Release|Any CPU
		{5C9584C9-7D31-477A-9C28-0E2BD26F0972}.Release|Any CPU.Build.0 = Release|Any CPU
		{82A52A67-AF65-4C9B-91E7-3379B6F6411E}.Debug|Any CPU.ActiveCfg = Debug|Any CPU
		{82A52A67-AF65-4C9B-91E7-3379B6F6411E}.Debug|Any CPU.Build.0 = Debug|Any CPU
		{82A52A67-AF65-4C9B-91E7-3379B6F6411E}.Release|Any CPU.ActiveCfg = Release|Any CPU
		{82A52A67-AF65-4C9B-91E7-3379B6F6411E}.Release|Any CPU.Build.0 = Release|Any CPU
	EndGlobalSection
	GlobalSection(SolutionProperties) = preSolution
		HideSolutionNode = FALSE
	EndGlobalSection
	GlobalSection(ExtensibilityGlobals) = postSolution
		SolutionGuid = {14616206-799C-459B-8308-2DBCF292BF62}
	EndGlobalSection
EndGlobal
